<?xml version="1.0" encoding="utf-8"?>
<Project ToolsVersion="4.0" xmlns="http://schemas.microsoft.com/developer/msbuild/2003">
  <ItemGroup>
    <Filter Include="Исходные файлы">
      <UniqueIdentifier>{4FC737F1-C7A5-4376-A066-2A32D752A2FF}</UniqueIdentifier>
      <Extensions>cpp;c;cc;cxx;c++;cppm;ixx;def;odl;idl;hpj;bat;asm;asmx</Extensions>
    </Filter>
    <Filter Include="Файлы заголовков">
      <UniqueIdentifier>{93995380-89BD-4b04-88EB-625FBE52EBFB}</UniqueIdentifier>
      <Extensions>h;hh;hpp;hxx;h++;hm;inl;inc;ipp;xsd</Extensions>
    </Filter>
    <Filter Include="Файлы ресурсов">
      <UniqueIdentifier>{67DA6AB6-F800-4c08-8B7A-83BB121AAD01}</UniqueIdentifier>
      <Extensions>rc;ico;cur;bmp;dlg;rc2;rct;bin;rgs;gif;jpg;jpeg;jpe;resx;tiff;tif;png;wav;mfcribbon-ms</Extensions>
    </Filter>
    <Filter Include="Файлы заголовков\2d">
      <UniqueIdentifier>{0d67a7f6-6629-4b2b-9b9b-fe51c11d3b47}</UniqueIdentifier>
    </Filter>
    <Filter Include="Файлы заголовков\3d">
      <UniqueIdentifier>{144b0fb3-73a4-4b85-baeb-8d96aa970574}</UniqueIdentifier>
    </Filter>
  </ItemGroup>
  <ItemGroup>
    <ClCompile Include="main.cpp">
      <Filter>Исходные файлы</Filter>
    </ClCompile>
  </ItemGroup>
  <ItemGroup>
    <None Include="..\..\..\..\..\..\freeglut\bin\x64\freeglut.dll">
      <Filter>Исходные файлы</Filter>
    </None>
  </ItemGroup>
  <ItemGroup>
    <ClInclude Include="Draw.hpp">
      <Filter>Файлы заголовков</Filter>
    </ClInclude>
    <ClInclude Include="Primitives2d.hpp">
      <Filter>Файлы заголовков\2d</Filter>
    </ClInclude>
    <ClInclude Include="Vector2d.hpp">
      <Filter>Файлы заголовков\2d</Filter>
    </ClInclude>
    <ClInclude Include="Color.hpp">
      <Filter>Файлы заголовков</Filter>
    </ClInclude>
    <ClInclude Include="Primitives3d.hpp">
      <Filter>Файлы заголовков\3d</Filter>
    </ClInclude>
    <ClInclude Include="app.hpp">
      <Filter>Файлы заголовков</Filter>
    </ClInclude>
    <ClInclude Include="Vector3d.hpp">
      <Filter>Файлы заголовков\3d</Filter>
    </ClInclude>
  </ItemGroup>
</Project>